
Microsoft Visual Studio Solution File, Format Version 12.00
# Visual Studio 15
VisualStudioVersion = 15.0.28307.489
MinimumVisualStudioVersion = 10.0.40219.1
Project("{FAE04EC0-301F-11D3-BF4B-00C04F79EFBC}") = "BlackJack.ViewLayer", "BlackJack\BlackJack.ViewLayer.csproj", "{9DCF8C75-815E-4F79-BAAD-A635A24FCA1C}"
EndProject
Project("{FAE04EC0-301F-11D3-BF4B-00C04F79EFBC}") = "BlackJack.DAL", "BlackJack.DAL\BlackJack.DAL.csproj", "{4C790670-6636-4E25-8806-5EBE4B046740}"
EndProject
Project("{FAE04EC0-301F-11D3-BF4B-00C04F79EFBC}") = "BlackJack.BusinessLogic", "BusinessLogic\BlackJack.BusinessLogic.csproj", "{66DC54E8-794C-40CF-A028-9FB30E9D4E60}"
EndProject
Project("{FAE04EC0-301F-11D3-BF4B-00C04F79EFBC}") = "BlackJack.Common", "BlackJack.Common\BlackJack.Common.csproj", "{4E22AED9-1D01-44AE-A7DC-D5F79C671FD7}"
EndProject
Global
	GlobalSection(SolutionConfigurationPlatforms) = preSolution
		Debug|Any CPU = Debug|Any CPU
		Release|Any CPU = Release|Any CPU
	EndGlobalSection
	GlobalSection(ProjectConfigurationPlatforms) = postSolution
		{9DCF8C75-815E-4F79-BAAD-A635A24FCA1C}.Debug|Any CPU.ActiveCfg = Debug|Any CPU
		{9DCF8C75-815E-4F79-BAAD-A635A24FCA1C}.Debug|Any CPU.Build.0 = Debug|Any CPU
		{9DCF8C75-815E-4F79-BAAD-A635A24FCA1C}.Release|Any CPU.ActiveCfg = Release|Any CPU
		{9DCF8C75-815E-4F79-BAAD-A635A24FCA1C}.Release|Any CPU.Build.0 = Release|Any CPU
		{4C790670-6636-4E25-8806-5EBE4B046740}.Debug|Any CPU.ActiveCfg = Debug|Any CPU
		{4C790670-6636-4E25-8806-5EBE4B046740}.Debug|Any CPU.Build.0 = Debug|Any CPU
		{4C790670-6636-4E25-8806-5EBE4B046740}.Release|Any CPU.ActiveCfg = Release|Any CPU
		{4C790670-6636-4E25-8806-5EBE4B046740}.Release|Any CPU.Build.0 = Release|Any CPU
		{66DC54E8-794C-40CF-A028-9FB30E9D4E60}.Debug|Any CPU.ActiveCfg = Debug|Any CPU
		{66DC54E8-794C-40CF-A028-9FB30E9D4E60}.Debug|Any CPU.Build.0 = Debug|Any CPU
		{66DC54E8-794C-40CF-A028-9FB30E9D4E60}.Release|Any CPU.ActiveCfg = Release|Any CPU
		{66DC54E8-794C-40CF-A028-9FB30E9D4E60}.Release|Any CPU.Build.0 = Release|Any CPU
		{4E22AED9-1D01-44AE-A7DC-D5F79C671FD7}.Debug|Any CPU.ActiveCfg = Debug|Any CPU
		{4E22AED9-1D01-44AE-A7DC-D5F79C671FD7}.Debug|Any CPU.Build.0 = Debug|Any CPU
		{4E22AED9-1D01-44AE-A7DC-D5F79C671FD7}.Release|Any CPU.ActiveCfg = Release|Any CPU
		{4E22AED9-1D01-44AE-A7DC-D5F79C671FD7}.Release|Any CPU.Build.0 = Release|Any CPU
	EndGlobalSection
	GlobalSection(SolutionProperties) = preSolution
		HideSolutionNode = FALSE
	EndGlobalSection
	GlobalSection(ExtensibilityGlobals) = postSolution
		SolutionGuid = {1EEB74CC-7565-4F94-9924-DB3ED4152196}
	EndGlobalSection
EndGlobal
